
Microsoft Visual Studio Solution File, Format Version 12.00
Project("{FAE04EC0-301F-11D3-BF4B-00C04F79EFBC}") = "Solutions", "Solutions\Solutions.csproj", "{ABCFC35F-D19A-49EC-9340-79FF44BC924B}"
EndProject
Global
	GlobalSection(SolutionConfigurationPlatforms) = preSolution
		Debug|Any CPU = Debug|Any CPU
		Release|Any CPU = Release|Any CPU
	EndGlobalSection
	GlobalSection(ProjectConfigurationPlatforms) = postSolution
		{ABCFC35F-D19A-49EC-9340-79FF44BC924B}.Debug|Any CPU.ActiveCfg = Debug|Any CPU
		{ABCFC35F-D19A-49EC-9340-79FF44BC924B}.Debug|Any CPU.Build.0 = Debug|Any CPU
		{ABCFC35F-D19A-49EC-9340-79FF44BC924B}.Release|Any CPU.ActiveCfg = Release|Any CPU
		{ABCFC35F-D19A-49EC-9340-79FF44BC924B}.Release|Any CPU.Build.0 = Release|Any CPU
	EndGlobalSection
EndGlobal
